
Microsoft Visual Studio Solution File, Format Version 12.00
# Visual Studio Version 16
VisualStudioVersion = 16.0.31729.503
MinimumVisualStudioVersion = 10.0.40219.1
Project("{FAE04EC0-301F-11D3-BF4B-00C04F79EFBC}") = "Password_Generator", "Password_Generator.csproj", "{95DEA90F-9169-4782-A338-0DBF1E8CBDEF}"
EndProject
Global
	GlobalSection(SolutionConfigurationPlatforms) = preSolution
		Debug|Any CPU = Debug|Any CPU
		Release|Any CPU = Release|Any CPU
	EndGlobalSection
	GlobalSection(ProjectConfigurationPlatforms) = postSolution
		{95DEA90F-9169-4782-A338-0DBF1E8CBDEF}.Debug|Any CPU.ActiveCfg = Debug|Any CPU
		{95DEA90F-9169-4782-A338-0DBF1E8CBDEF}.Debug|Any CPU.Build.0 = Debug|Any CPU
		{95DEA90F-9169-4782-A338-0DBF1E8CBDEF}.Release|Any CPU.ActiveCfg = Release|Any CPU
		{95DEA90F-9169-4782-A338-0DBF1E8CBDEF}.Release|Any CPU.Build.0 = Release|Any CPU
	EndGlobalSection
	GlobalSection(SolutionProperties) = preSolution
		HideSolutionNode = FALSE
	EndGlobalSection
	GlobalSection(ExtensibilityGlobals) = postSolution
		SolutionGuid = {7A28070E-6CCE-4CF8-9A93-33B7947F1C2A}
	EndGlobalSection
EndGlobal
